// !$*UTF8*$!
{
	archiveVersion = 1;
	classes = {
	};
	objectVersion = 48;
	objects = {

/* Begin PBXBuildFile section */
		B78F9A471F690B6C00F4FEA9 /* AppDelegate.swift in Sources */ = {isa = PBXBuildFile; fileRef = B78F9A461F690B6C00F4FEA9 /* AppDelegate.swift */; };
		B78F9A491F690B6C00F4FEA9 /* CategoriesVC.swift in Sources */ = {isa = PBXBuildFile; fileRef = B78F9A481F690B6C00F4FEA9 /* CategoriesVC.swift */; };
		B78F9A4C1F690B6C00F4FEA9 /* Main.storyboard in Resources */ = {isa = PBXBuildFile; fileRef = B78F9A4A1F690B6C00F4FEA9 /* Main.storyboard */; };
		B78F9A4E1F690B6C00F4FEA9 /* Assets.xcassets in Resources */ = {isa = PBXBuildFile; fileRef = B78F9A4D1F690B6C00F4FEA9 /* Assets.xcassets */; };
		B78F9A511F690B6C00F4FEA9 /* LaunchScreen.storyboard in Resources */ = {isa = PBXBuildFile; fileRef = B78F9A4F1F690B6C00F4FEA9 /* LaunchScreen.storyboard */; };
		B78F9A5C1F69103000F4FEA9 /* CategoryCell.swift in Sources */ = {isa = PBXBuildFile; fileRef = B78F9A5B1F69103000F4FEA9 /* CategoryCell.swift */; };
		B78F9A5E1F69524C00F4FEA9 /* Category.swift in Sources */ = {isa = PBXBuildFile; fileRef = B78F9A5D1F69524C00F4FEA9 /* Category.swift */; };
		B78F9A611F6957DA00F4FEA9 /* DataService.swift in Sources */ = {isa = PBXBuildFile; fileRef = B78F9A601F6957D900F4FEA9 /* DataService.swift */; };
		B78F9A631F69625700F4FEA9 /* ProductCell.swift in Sources */ = {isa = PBXBuildFile; fileRef = B78F9A621F69625700F4FEA9 /* ProductCell.swift */; };
		B78F9A651F69643F00F4FEA9 /* Product.swift in Sources */ = {isa = PBXBuildFile; fileRef = B78F9A641F69643F00F4FEA9 /* Product.swift */; };
/* End PBXBuildFile section */

/* Begin PBXFileReference section */
		B78F9A431F690B6C00F4FEA9 /* product-list.app */ = {isa = PBXFileReference; explicitFileType = wrapper.application; includeInIndex = 0; path = "product-list.app"; sourceTree = BUILT_PRODUCTS_DIR; };
		B78F9A461F690B6C00F4FEA9 /* AppDelegate.swift */ = {isa = PBXFileReference; lastKnownFileType = sourcecode.swift; path = AppDelegate.swift; sourceTree = "<group>"; };
		B78F9A481F690B6C00F4FEA9 /* CategoriesVC.swift */ = {isa = PBXFileReference; lastKnownFileType = sourcecode.swift; path = CategoriesVC.swift; sourceTree = "<group>"; };
		B78F9A4B1F690B6C00F4FEA9 /* Base */ = {isa = PBXFileReference; lastKnownFileType = file.storyboard; name = Base; path = Base.lproj/Main.storyboard; sourceTree = "<group>"; };
		B78F9A4D1F690B6C00F4FEA9 /* Assets.xcassets */ = {isa = PBXFileReference; lastKnownFileType = folder.assetcatalog; path = Assets.xcassets; sourceTree = "<group>"; };
		B78F9A501F690B6C00F4FEA9 /* Base */ = {isa = PBXFileReference; lastKnownFileType = file.storyboard; name = Base; path = Base.lproj/LaunchScreen.storyboard; sourceTree = "<group>"; };
		B78F9A521F690B6C00F4FEA9 /* Info.plist */ = {isa = PBXFileReference; lastKnownFileType = text.plist.xml; path = Info.plist; sourceTree = "<group>"; };
		B78F9A5B1F69103000F4FEA9 /* CategoryCell.swift */ = {isa = PBXFileReference; lastKnownFileType = sourcecode.swift; path = CategoryCell.swift; sourceTree = "<group>"; };
		B78F9A5D1F69524C00F4FEA9 /* Category.swift */ = {isa = PBXFileReference; lastKnownFileType = sourcecode.swift; path = Category.swift; sourceTree = "<group>"; };
		B78F9A601F6957D900F4FEA9 /* DataService.swift */ = {isa = PBXFileReference; lastKnownFileType = sourcecode.swift; path = DataService.swift; sourceTree = "<group>"; };
		B78F9A621F69625700F4FEA9 /* ProductCell.swift */ = {isa = PBXFileReference; lastKnownFileType = sourcecode.swift; path = ProductCell.swift; sourceTree = "<group>"; };
		B78F9A641F69643F00F4FEA9 /* Product.swift */ = {isa = PBXFileReference; lastKnownFileType = sourcecode.swift; path = Product.swift; sourceTree = "<group>"; };
/* End PBXFileReference section */

/* Begin PBXFrameworksBuildPhase section */
		B78F9A401F690B6B00F4FEA9 /* Frameworks */ = {
			isa = PBXFrameworksBuildPhase;
			buildActionMask = 2147483647;
			files = (
			);
			runOnlyForDeploymentPostprocessing = 0;
		};
/* End PBXFrameworksBuildPhase section */

/* Begin PBXGroup section */
		B78F9A3A1F690B6B00F4FEA9 = {
			isa = PBXGroup;
			children = (
				B78F9A451F690B6C00F4FEA9 /* product-list */,
				B78F9A441F690B6C00F4FEA9 /* Products */,
			);
			sourceTree = "<group>";
		};
		B78F9A441F690B6C00F4FEA9 /* Products */ = {
			isa = PBXGroup;
			children = (
				B78F9A431F690B6C00F4FEA9 /* product-list.app */,
			);
			name = Products;
			sourceTree = "<group>";
		};
		B78F9A451F690B6C00F4FEA9 /* product-list */ = {
			isa = PBXGroup;
			children = (
				B78F9A5F1F6957AE00F4FEA9 /* Services */,
				B78F9A5A1F690F8800F4FEA9 /* Model */,
				B78F9A591F690F8400F4FEA9 /* View */,
				B78F9A581F690F7E00F4FEA9 /* Controller */,
				B78F9A461F690B6C00F4FEA9 /* AppDelegate.swift */,
				B78F9A4A1F690B6C00F4FEA9 /* Main.storyboard */,
				B78F9A4D1F690B6C00F4FEA9 /* Assets.xcassets */,
				B78F9A4F1F690B6C00F4FEA9 /* LaunchScreen.storyboard */,
				B78F9A521F690B6C00F4FEA9 /* Info.plist */,
			);
			path = "product-list";
			sourceTree = "<group>";
		};
		B78F9A581F690F7E00F4FEA9 /* Controller */ = {
			isa = PBXGroup;
			children = (
				B78F9A481F690B6C00F4FEA9 /* CategoriesVC.swift */,
			);
			path = Controller;
			sourceTree = "<group>";
		};
		B78F9A591F690F8400F4FEA9 /* View */ = {
			isa = PBXGroup;
			children = (
				B78F9A5B1F69103000F4FEA9 /* CategoryCell.swift */,
				B78F9A621F69625700F4FEA9 /* ProductCell.swift */,
			);
			path = View;
			sourceTree = "<group>";
		};
		B78F9A5A1F690F8800F4FEA9 /* Model */ = {
			isa = PBXGroup;
			children = (
				B78F9A5D1F69524C00F4FEA9 /* Category.swift */,
				B78F9A641F69643F00F4FEA9 /* Product.swift */,
			);
			path = Model;
			sourceTree = "<group>";
		};
		B78F9A5F1F6957AE00F4FEA9 /* Services */ = {
			isa = PBXGroup;
			children = (
				B78F9A601F6957D900F4FEA9 /* DataService.swift */,
			);
			path = Services;
			sourceTree = "<group>";
		};
/* End PBXGroup section */

/* Begin PBXNativeTarget section */
		B78F9A421F690B6B00F4FEA9 /* product-list */ = {
			isa = PBXNativeTarget;
			buildConfigurationList = B78F9A551F690B6C00F4FEA9 /* Build configuration list for PBXNativeTarget "product-list" */;
			buildPhases = (
				B78F9A3F1F690B6B00F4FEA9 /* Sources */,
				B78F9A401F690B6B00F4FEA9 /* Frameworks */,
				B78F9A411F690B6B00F4FEA9 /* Resources */,
			);
			buildRules = (
			);
			dependencies = (
			);
			name = "product-list";
			productName = "product-list";
			productReference = B78F9A431F690B6C00F4FEA9 /* product-list.app */;
			productType = "com.apple.product-type.application";
		};
/* End PBXNativeTarget section */

/* Begin PBXProject section */
		B78F9A3B1F690B6B00F4FEA9 /* Project object */ = {
			isa = PBXProject;
			attributes = {
				LastSwiftUpdateCheck = 0900;
				LastUpgradeCheck = 0900;
				ORGANIZATIONNAME = "Fomin Mykola";
				TargetAttributes = {
					B78F9A421F690B6B00F4FEA9 = {
						CreatedOnToolsVersion = 9.0;
						ProvisioningStyle = Automatic;
					};
				};
			};
			buildConfigurationList = B78F9A3E1F690B6B00F4FEA9 /* Build configuration list for PBXProject "product-list" */;
			compatibilityVersion = "Xcode 8.0";
			developmentRegion = en;
			hasScannedForEncodings = 0;
			knownRegions = (
				en,
				Base,
			);
			mainGroup = B78F9A3A1F690B6B00F4FEA9;
			productRefGroup = B78F9A441F690B6C00F4FEA9 /* Products */;
			projectDirPath = "";
			projectRoot = "";
			targets = (
				B78F9A421F690B6B00F4FEA9 /* product-list */,
			);
		};
/* End PBXProject section */

/* Begin PBXResourcesBuildPhase section */
		B78F9A411F690B6B00F4FEA9 /* Resources */ = {
			isa = PBXResourcesBuildPhase;
			buildActionMask = 2147483647;
			files = (
				B78F9A511F690B6C00F4FEA9 /* LaunchScreen.storyboard in Resources */,
				B78F9A4E1F690B6C00F4FEA9 /* Assets.xcassets in Resources */,
				B78F9A4C1F690B6C00F4FEA9 /* Main.storyboard in Resources */,
			);
			runOnlyForDeploymentPostprocessing = 0;
		};
/* End PBXResourcesBuildPhase section */

/* Begin PBXSourcesBuildPhase section */
		B78F9A3F1F690B6B00F4FEA9 /* Sources */ = {
			isa = PBXSourcesBuildPhase;
			buildActionMask = 2147483647;
			files = (
				B78F9A491F690B6C00F4FEA9 /* CategoriesVC.swift in Sources */,
				B78F9A471F690B6C00F4FEA9 /* AppDelegate.swift in Sources */,
				B78F9A5C1F69103000F4FEA9 /* CategoryCell.swift in Sources */,
				B78F9A631F69625700F4FEA9 /* ProductCell.swift in Sources */,
				B78F9A5E1F69524C00F4FEA9 /* Category.swift in Sources */,
				B78F9A611F6957DA00F4FEA9 /* DataService.swift in Sources */,
				B78F9A651F69643F00F4FEA9 /* Product.swift in Sources */,
			);
			runOnlyForDeploymentPostprocessing = 0;
		};
/* End PBXSourcesBuildPhase section */

/* Begin PBXVariantGroup section */
		B78F9A4A1F690B6C00F4FEA9 /* Main.storyboard */ = {
			isa = PBXVariantGroup;
			children = (
				B78F9A4B1F690B6C00F4FEA9 /* Base */,
			);
			name = Main.storyboard;
			sourceTree = "<group>";
		};
		B78F9A4F1F690B6C00F4FEA9 /* LaunchScreen.storyboard */ = {
			isa = PBXVariantGroup;
			children = (
				B78F9A501F690B6C00F4FEA9 /* Base */,
			);
			name = LaunchScreen.storyboard;
			sourceTree = "<group>";
		};
/* End PBXVariantGroup section */

/* Begin XCBuildConfiguration section */
		B78F9A531F690B6C00F4FEA9 /* Debug */ = {
			isa = XCBuildConfiguration;
			buildSettings = {
				ALWAYS_SEARCH_USER_PATHS = NO;
				CLANG_ANALYZER_NONNULL = YES;
				CLANG_ANALYZER_NUMBER_OBJECT_CONVERSION = YES_AGGRESSIVE;
				CLANG_CXX_LANGUAGE_STANDARD = "gnu++14";
				CLANG_CXX_LIBRARY = "libc++";
				CLANG_ENABLE_MODULES = YES;
				CLANG_ENABLE_OBJC_ARC = YES;
				CLANG_WARN_BLOCK_CAPTURE_AUTORELEASING = YES;
				CLANG_WARN_BOOL_CONVERSION = YES;
				CLANG_WARN_COMMA = YES;
				CLANG_WARN_CONSTANT_CONVERSION = YES;
				CLANG_WARN_DIRECT_OBJC_ISA_USAGE = YES_ERROR;
				CLANG_WARN_DOCUMENTATION_COMMENTS = YES;
				CLANG_WARN_EMPTY_BODY = YES;
				CLANG_WARN_ENUM_CONVERSION = YES;
				CLANG_WARN_INFINITE_RECURSION = YES;
				CLANG_WARN_INT_CONVERSION = YES;
				CLANG_WARN_NON_LITERAL_NULL_CONVERSION = YES;
				CLANG_WARN_OBJC_LITERAL_CONVERSION = YES;
				CLANG_WARN_OBJC_ROOT_CLASS = YES_ERROR;
				CLANG_WARN_RANGE_LOOP_ANALYSIS = YES;
				CLANG_WARN_STRICT_PROTOTYPES = YES;
				CLANG_WARN_SUSPICIOUS_MOVE = YES;
				CLANG_WARN_UNGUARDED_AVAILABILITY = YES_AGGRESSIVE;
				CLANG_WARN_UNREACHABLE_CODE = YES;
				CLANG_WARN__DUPLICATE_METHOD_MATCH = YES;
				CODE_SIGN_IDENTITY = "iPhone Developer";
				COPY_PHASE_STRIP = NO;
				DEBUG_INFORMATION_FORMAT = dwarf;
				ENABLE_STRICT_OBJC_MSGSEND = YES;
				ENABLE_TESTABILITY = YES;
				GCC_C_LANGUAGE_STANDARD = gnu11;
				GCC_DYNAMIC_NO_PIC = NO;
				GCC_NO_COMMON_BLOCKS = YES;
				GCC_OPTIMIZATION_LEVEL = 0;
				GCC_PREPROCESSOR_DEFINITIONS = (
					"DEBUG=1",
					"$(inherited)",
				);
				GCC_WARN_64_TO_32_BIT_CONVERSION = YES;
				GCC_WARN_ABOUT_RETURN_TYPE = YES_ERROR;
				GCC_WARN_UNDECLARED_SELECTOR = YES;
				GCC_WARN_UNINITIALIZED_AUTOS = YES_AGGRESSIVE;
				GCC_WARN_UNUSED_FUNCTION = YES;
				GCC_WARN_UNUSED_VARIABLE = YES;
				IPHONEOS_DEPLOYMENT_TARGET = 11.0;
				MTL_ENABLE_DEBUG_INFO = YES;
				ONLY_ACTIVE_ARCH = YES;
				SDKROOT = iphoneos;
				SWIFT_ACTIVE_COMPILATION_CONDITIONS = DEBUG;
				SWIFT_OPTIMIZATION_LEVEL = "-Onone";
			};
			name = Debug;
		};
		B78F9A541F690B6C00F4FEA9 /* Release */ = {
			isa = XCBuildConfiguration;
			buildSettings = {
				ALWAYS_SEARCH_USER_PATHS = NO;
				CLANG_ANALYZER_NONNULL = YES;
				CLANG_ANALYZER_NUMBER_OBJECT_CONVERSION = YES_AGGRESSIVE;
				CLANG_CXX_LANGUAGE_STANDARD = "gnu++14";
				CLANG_CXX_LIBRARY = "libc++";
				CLANG_ENABLE_MODULES = YES;
				CLANG_ENABLE_OBJC_ARC = YES;
				CLANG_WARN_BLOCK_CAPTURE_AUTORELEASING = YES;
				CLANG_WARN_BOOL_CONVERSION = YES;
				CLANG_WARN_COMMA = YES;
				CLANG_WARN_CONSTANT_CONVERSION = YES;
				CLANG_WARN_DIRECT_OBJC_ISA_USAGE = YES_ERROR;
				CLANG_WARN_DOCUMENTATION_COMMENTS = YES;
				CLANG_WARN_EMPTY_BODY = YES;
				CLANG_WARN_ENUM_CONVERSION = YES;
				CLANG_WARN_INFINITE_RECURSION = YES;
				CLANG_WARN_INT_CONVERSION = YES;
				CLANG_WARN_NON_LITERAL_NULL_CONVERSION = YES;
				CLANG_WARN_OBJC_LITERAL_CONVERSION = YES;
				CLANG_WARN_OBJC_ROOT_CLASS = YES_ERROR;
				CLANG_WARN_RANGE_LOOP_ANALYSIS = YES;
				CLANG_WARN_STRICT_PROTOTYPES = YES;
				CLANG_WARN_SUSPICIOUS_MOVE = YES;
				CLANG_WARN_UNGUARDED_AVAILABILITY = YES_AGGRESSIVE;
				CLANG_WARN_UNREACHABLE_CODE = YES;
				CLANG_WARN__DUPLICATE_METHOD_MATCH = YES;
				CODE_SIGN_IDENTITY = "iPhone Developer";
				COPY_PHASE_STRIP = NO;
				DEBUG_INFORMATION_FORMAT = "dwarf-with-dsym";
				ENABLE_NS_ASSERTIONS = NO;
				ENABLE_STRICT_OBJC_MSGSEND = YES;
				GCC_C_LANGUAGE_STANDARD = gnu11;
				GCC_NO_COMMON_BLOCKS = YES;
				GCC_WARN_64_TO_32_BIT_CONVERSION = YES;
				GCC_WARN_ABOUT_RETURN_TYPE = YES_ERROR;
				GCC_WARN_UNDECLARED_SELECTOR = YES;
				GCC_WARN_UNINITIALIZED_AUTOS = YES_AGGRESSIVE;
				GCC_WARN_UNUSED_FUNCTION = YES;
				GCC_WARN_UNUSED_VARIABLE = YES;
				IPHONEOS_DEPLOYMENT_TARGET = 11.0;
				MTL_ENABLE_DEBUG_INFO = NO;
				SDKROOT = iphoneos;
				SWIFT_OPTIMIZATION_LEVEL = "-Owholemodule";
				VALIDATE_PRODUCT = YES;
			};
			name = Release;
		};
		B78F9A561F690B6C00F4FEA9 /* Debug */ = {
			isa = XCBuildConfiguration;
			buildSettings = {
				ASSETCATALOG_COMPILER_APPICON_NAME = AppIcon;
				CODE_SIGN_STYLE = Automatic;
				DEVELOPMENT_TEAM = X3563PB3YJ;
				INFOPLIST_FILE = "product-list/Info.plist";
				LD_RUNPATH_SEARCH_PATHS = "$(inherited) @executable_path/Frameworks";
				PRODUCT_BUNDLE_IDENTIFIER = "giraffe.in.ua.product-list";
				PRODUCT_NAME = "$(TARGET_NAME)";
				SWIFT_VERSION = 4.0;
				TARGETED_DEVICE_FAMILY = "1,2";
			};
			name = Debug;
		};
		B78F9A571F690B6C00F4FEA9 /* Release */ = {
			isa = XCBuildConfiguration;
			buildSettings = {
				ASSETCATALOG_COMPILER_APPICON_NAME = AppIcon;
				CODE_SIGN_STYLE = Automatic;
				DEVELOPMENT_TEAM = X3563PB3YJ;
				INFOPLIST_FILE = "product-list/Info.plist";
				LD_RUNPATH_SEARCH_PATHS = "$(inherited) @executable_path/Frameworks";
				PRODUCT_BUNDLE_IDENTIFIER = "giraffe.in.ua.product-list";
				PRODUCT_NAME = "$(TARGET_NAME)";
				SWIFT_VERSION = 4.0;
				TARGETED_DEVICE_FAMILY = "1,2";
			};
			name = Release;
		};
/* End XCBuildConfiguration section */

/* Begin XCConfigurationList section */
		B78F9A3E1F690B6B00F4FEA9 /* Build configuration list for PBXProject "product-list" */ = {
			isa = XCConfigurationList;
			buildConfigurations = (
				B78F9A531F690B6C00F4FEA9 /* Debug */,
				B78F9A541F690B6C00F4FEA9 /* Release */,
			);
			defaultConfigurationIsVisible = 0;
			defaultConfigurationName = Release;
		};
		B78F9A551F690B6C00F4FEA9 /* Build configuration list for PBXNativeTarget "product-list" */ = {
			isa = XCConfigurationList;
			buildConfigurations = (
				B78F9A561F690B6C00F4FEA9 /* Debug */,
				B78F9A571F690B6C00F4FEA9 /* Release */,
			);
			defaultConfigurationIsVisible = 0;
			defaultConfigurationName = Release;
		};
/* End XCConfigurationList section */
	};
	rootObject = B78F9A3B1F690B6B00F4FEA9 /* Project object */;
}
